
Microsoft Visual Studio Solution File, Format Version 12.00
# Visual Studio Version 17
VisualStudioVersion = 17.4.33205.214
MinimumVisualStudioVersion = 10.0.40219.1
Project("{8BC9CEB8-8B4A-11D0-8D11-00A0C91BC942}") = "TexEdit", "TexEdit.vcxproj", "{A07E7ADA-46D8-397B-9B6A-E6951031A4CF}"
EndProject
Global
	GlobalSection(SolutionConfigurationPlatforms) = preSolution
		Debug|x64 = Debug|x64
		Release|x64 = Release|x64
	EndGlobalSection
	GlobalSection(ProjectConfigurationPlatforms) = postSolution
		{A07E7ADA-46D8-397B-9B6A-E6951031A4CF}.Debug|x64.ActiveCfg = Debug|x64
		{A07E7ADA-46D8-397B-9B6A-E6951031A4CF}.Debug|x64.Build.0 = Debug|x64
		{A07E7ADA-46D8-397B-9B6A-E6951031A4CF}.Release|x64.ActiveCfg = Release|x64
		{A07E7ADA-46D8-397B-9B6A-E6951031A4CF}.Release|x64.Build.0 = Release|x64
	EndGlobalSection
	GlobalSection(SolutionProperties) = preSolution
		HideSolutionNode = FALSE
	EndGlobalSection
	GlobalSection(ExtensibilityGlobals) = postSolution
		SolutionGuid = {31660784-B351-4FD2-B686-A7AF9998BC62}
	EndGlobalSection
EndGlobal
